github.com/matehaxor03/holistic_common v0.0.72 h1:kvUpzowj7CLZuuQhefYfLzF/d68gpwofw3QVlpLmCVw=
github.com/matehaxor03/holistic_common v0.0.72/go.mod h1:Fduzjeq/XqKGCdJsBedOS7DzfwQOqTGJtS8T2zQjeCY=
github.com/matehaxor03/holistic_db_client v0.0.555 h1:9OQg1onmDr5feG6RILV9GA2K88WrbyB5+Cqzenq17GE=
github.com/matehaxor03/holistic_db_client v0.0.555/go.mod h1:TmKZl6L0Rl/bjXtfSLNjkufANfwYuPlwD6/HATFGIls=
github.com/matehaxor03/holistic_db_init v0.0.4 h1:C/7d39vzyceSCcCGuM6l3iJBF57+HWF3I8H/TdeBMs8=
github.com/matehaxor03/holistic_db_init v0.0.4/go.mod h1:dLc5dRAryhDNvE0ZUtwmDD+4EMWgfs3i7QQBX2EuSjo=
github.com/matehaxor03/holistic_host_client v0.0.66 h1:VNQa7daNvWpRyB9fZJ0qFISPHdV7I9yzjwKUa5sZkL4=
github.com/matehaxor03/holistic_host_client v0.0.66/go.mod h1:UC5JUONGzYFZq3eBPxeqy6gDEnKLuX8Azg4GRov8G4s=
github.com/matehaxor03/holistic_host_init v0.0.2 h1:2V5SzC21IziKhn73v4SVeqVbNmBVdSPsLHnnnnpU3O4=
github.com/matehaxor03/holistic_host_init v0.0.2/go.mod h1:BEwnkcbbdOXPW8fiVxHmtf8ZyVB6e51+BE6lYc4mQLg=
github.com/matehaxor03/holistic_json v0.0.92 h1:PFA7RIuArnPVEaibkCMrs2Snw5zyHe28tErvpl7zOiA=
github.com/matehaxor03/holistic_json v0.0.92/go.mod h1:8/5MdPf2xxxm8Z2dRw48k1KnaNbpS4HfN0awe1/xN+0=
github.com/matehaxor03/holistic_validator v0.0.10 h1:oaLiMI3bALuG/O7dmRv0pJUsRRnNKokDlCGXI6BZfzo=
github.com/matehaxor03/holistic_validator v0.0.10/go.mod h1:KaTczbHzyD+U1FgOlt91TO+kcVHe7kzPbbto3uSSwfs=
