github.com/matehaxor03/holistic_common v0.0.72 h1:kvUpzowj7CLZuuQhefYfLzF/d68gpwofw3QVlpLmCVw=
github.com/matehaxor03/holistic_common v0.0.72/go.mod h1:Fduzjeq/XqKGCdJsBedOS7DzfwQOqTGJtS8T2zQjeCY=
github.com/matehaxor03/holistic_db_client v0.0.558 h1:7PNDR0jPgfEeEQQQWPKWyP1fWtdIEdLrCG1p3HtJYN4=
github.com/matehaxor03/holistic_db_client v0.0.558/go.mod h1:B+EdCkZ40n45T9C0eyu6YruHV2GKr3add2PESyfkgzU=
github.com/matehaxor03/holistic_db_init v0.0.8 h1:KfDeVZRbn/H6HqkzUC3Huzh09pOe4UzxYpD3jI+VD2U=
github.com/matehaxor03/holistic_db_init v0.0.8/go.mod h1:8lIBnyAq4DByLmKiWygl2LKOdkKI3lIymxuSMMfu/6E=
github.com/matehaxor03/holistic_host_client v0.0.71 h1:GUdbCJgwNtnhv7s53qdjejOZTokOP86jFA6ks9AfsE4=
github.com/matehaxor03/holistic_host_client v0.0.71/go.mod h1:UC5JUONGzYFZq3eBPxeqy6gDEnKLuX8Azg4GRov8G4s=
github.com/matehaxor03/holistic_host_init v0.0.3 h1:xq8kvQXuhIxdJmLCnK6VsxPxVEtL0+I23I3reRaX0UY=
github.com/matehaxor03/holistic_host_init v0.0.3/go.mod h1:BEwnkcbbdOXPW8fiVxHmtf8ZyVB6e51+BE6lYc4mQLg=
github.com/matehaxor03/holistic_json v0.0.92 h1:PFA7RIuArnPVEaibkCMrs2Snw5zyHe28tErvpl7zOiA=
github.com/matehaxor03/holistic_json v0.0.92/go.mod h1:8/5MdPf2xxxm8Z2dRw48k1KnaNbpS4HfN0awe1/xN+0=
github.com/matehaxor03/holistic_validator v0.0.10 h1:oaLiMI3bALuG/O7dmRv0pJUsRRnNKokDlCGXI6BZfzo=
github.com/matehaxor03/holistic_validator v0.0.10/go.mod h1:KaTczbHzyD+U1FgOlt91TO+kcVHe7kzPbbto3uSSwfs=
