github.com/matehaxor03/holistic_common v0.0.69 h1:HHIrkJg7cUQOW8ci14tgcOlMLDkZLi12O0kyewHiVsc=
github.com/matehaxor03/holistic_common v0.0.69/go.mod h1:Fduzjeq/XqKGCdJsBedOS7DzfwQOqTGJtS8T2zQjeCY=
github.com/matehaxor03/holistic_db_client v0.0.555 h1:9OQg1onmDr5feG6RILV9GA2K88WrbyB5+Cqzenq17GE=
github.com/matehaxor03/holistic_db_client v0.0.555/go.mod h1:TmKZl6L0Rl/bjXtfSLNjkufANfwYuPlwD6/HATFGIls=
github.com/matehaxor03/holistic_db_init v0.0.1 h1:a3UCdI4Mij6YWYE0ni6q/DluR81/7SbtPCfkRbNYXhg=
github.com/matehaxor03/holistic_db_init v0.0.1/go.mod h1:Dnf2riVspuMZu9e9kBtLFgaJ1AlpIXeHGawrppNJA5c=
github.com/matehaxor03/holistic_host_client v0.0.4 h1:rMxy+Ec4UEf2kqe77eJCAyZfa1+DaGFv3PVHimTaPg4=
github.com/matehaxor03/holistic_host_client v0.0.4/go.mod h1:rBVfaejWzbQ/aLz22zkKW4hNB6vIKVxDX4DKVI6gnKQ=
github.com/matehaxor03/holistic_json v0.0.92 h1:PFA7RIuArnPVEaibkCMrs2Snw5zyHe28tErvpl7zOiA=
github.com/matehaxor03/holistic_json v0.0.92/go.mod h1:8/5MdPf2xxxm8Z2dRw48k1KnaNbpS4HfN0awe1/xN+0=
github.com/matehaxor03/holistic_validator v0.0.8 h1:yie1Nr5cfccDfKbY7sDFk1xBTyYY/QbX7vayf3dwg3I=
github.com/matehaxor03/holistic_validator v0.0.8/go.mod h1:KaTczbHzyD+U1FgOlt91TO+kcVHe7kzPbbto3uSSwfs=
